
Microsoft Visual Studio Solution File, Format Version 12.00
# Visual Studio Version 17
VisualStudioVersion = 17.0.32112.339
MinimumVisualStudioVersion = 10.0.40219.1
Project("{9A19103F-16F7-4668-BE54-9A1E7A4F7556}") = "Thundire.ConsoleSample", "Samples\Thundire.ConsoleSample\Thundire.ConsoleSample.csproj", "{78B7F3C4-9505-41B6-B261-8C244A4F5C1B}"
EndProject
Project("{2150E333-8FDC-42A3-9474-1A3956D46DE8}") = "Samples", "Samples", "{EE18EA4D-190F-4FDC-98AB-5AD54C4A91D0}"
EndProject
Project("{2150E333-8FDC-42A3-9474-1A3956D46DE8}") = "Core", "Core", "{9EEABA2D-DE5C-4452-A0BD-ED69A02FBEBB}"
EndProject
Project("{2150E333-8FDC-42A3-9474-1A3956D46DE8}") = "Renderers", "Renderers", "{4988EB48-7F33-403D-B740-A63BBFDF5022}"
EndProject
Project("{9A19103F-16F7-4668-BE54-9A1E7A4F7556}") = "Thundire.FileManager.Core", "src\Core\Thundire.FileManager.Core\Thundire.FileManager.Core.csproj", "{24DDBBA9-32B3-4966-A5E1-26DE335601DF}"
EndProject
Project("{9A19103F-16F7-4668-BE54-9A1E7A4F7556}") = "Thundire.FileManager.Core.ConsoleUI", "src\Core.UI\Thundire.FileManager.Core.ConsoleUI\Thundire.FileManager.Core.ConsoleUI.csproj", "{83B170BD-81A4-4AE4-8CD3-CD20C837992B}"
EndProject
Project("{2150E333-8FDC-42A3-9474-1A3956D46DE8}") = "Infrastructure", "Infrastructure", "{FE09A728-D0A4-4D5F-AB30-6F99F1D569CD}"
EndProject
Project("{9A19103F-16F7-4668-BE54-9A1E7A4F7556}") = "Thundire.Infrastructure.FIlesManagement", "src\Infrastructure\Thundire.Infrastructure.FIlesManagement\Thundire.Infrastructure.FIlesManagement.csproj", "{98CF4138-53CB-48DF-9163-C628C1738D96}"
EndProject
Global
	GlobalSection(SolutionConfigurationPlatforms) = preSolution
		Debug|Any CPU = Debug|Any CPU
		Release|Any CPU = Release|Any CPU
	EndGlobalSection
	GlobalSection(ProjectConfigurationPlatforms) = postSolution
		{78B7F3C4-9505-41B6-B261-8C244A4F5C1B}.Debug|Any CPU.ActiveCfg = Debug|Any CPU
		{78B7F3C4-9505-41B6-B261-8C244A4F5C1B}.Debug|Any CPU.Build.0 = Debug|Any CPU
		{78B7F3C4-9505-41B6-B261-8C244A4F5C1B}.Release|Any CPU.ActiveCfg = Release|Any CPU
		{78B7F3C4-9505-41B6-B261-8C244A4F5C1B}.Release|Any CPU.Build.0 = Release|Any CPU
		{24DDBBA9-32B3-4966-A5E1-26DE335601DF}.Debug|Any CPU.ActiveCfg = Debug|Any CPU
		{24DDBBA9-32B3-4966-A5E1-26DE335601DF}.Debug|Any CPU.Build.0 = Debug|Any CPU
		{24DDBBA9-32B3-4966-A5E1-26DE335601DF}.Release|Any CPU.ActiveCfg = Release|Any CPU
		{24DDBBA9-32B3-4966-A5E1-26DE335601DF}.Release|Any CPU.Build.0 = Release|Any CPU
		{83B170BD-81A4-4AE4-8CD3-CD20C837992B}.Debug|Any CPU.ActiveCfg = Debug|Any CPU
		{83B170BD-81A4-4AE4-8CD3-CD20C837992B}.Debug|Any CPU.Build.0 = Debug|Any CPU
		{83B170BD-81A4-4AE4-8CD3-CD20C837992B}.Release|Any CPU.ActiveCfg = Release|Any CPU
		{83B170BD-81A4-4AE4-8CD3-CD20C837992B}.Release|Any CPU.Build.0 = Release|Any CPU
		{98CF4138-53CB-48DF-9163-C628C1738D96}.Debug|Any CPU.ActiveCfg = Debug|Any CPU
		{98CF4138-53CB-48DF-9163-C628C1738D96}.Debug|Any CPU.Build.0 = Debug|Any CPU
		{98CF4138-53CB-48DF-9163-C628C1738D96}.Release|Any CPU.ActiveCfg = Release|Any CPU
		{98CF4138-53CB-48DF-9163-C628C1738D96}.Release|Any CPU.Build.0 = Release|Any CPU
	EndGlobalSection
	GlobalSection(SolutionProperties) = preSolution
		HideSolutionNode = FALSE
	EndGlobalSection
	GlobalSection(NestedProjects) = preSolution
		{78B7F3C4-9505-41B6-B261-8C244A4F5C1B} = {EE18EA4D-190F-4FDC-98AB-5AD54C4A91D0}
		{24DDBBA9-32B3-4966-A5E1-26DE335601DF} = {9EEABA2D-DE5C-4452-A0BD-ED69A02FBEBB}
		{83B170BD-81A4-4AE4-8CD3-CD20C837992B} = {4988EB48-7F33-403D-B740-A63BBFDF5022}
		{98CF4138-53CB-48DF-9163-C628C1738D96} = {FE09A728-D0A4-4D5F-AB30-6F99F1D569CD}
	EndGlobalSection
	GlobalSection(ExtensibilityGlobals) = postSolution
		SolutionGuid = {77E4A923-6E03-404C-BB3A-A559BD77E6EB}
	EndGlobalSection
EndGlobal
